// !$*UTF8*$!
{
	archiveVersion = 1;
	classes = {
	};
	objectVersion = 46;
	objects = {

/* Begin PBXBuildFile section */
		397D557A201BF2F200DE088D /* AppDelegate.swift in Sources */ = {isa = PBXBuildFile; fileRef = 397D5579201BF2F200DE088D /* AppDelegate.swift */; };
		397D557C201BF2F200DE088D /* ViewController.swift in Sources */ = {isa = PBXBuildFile; fileRef = 397D557B201BF2F200DE088D /* ViewController.swift */; };
		397D557F201BF2F200DE088D /* Main.storyboard in Resources */ = {isa = PBXBuildFile; fileRef = 397D557D201BF2F200DE088D /* Main.storyboard */; };
		397D5581201BF2F200DE088D /* Assets.xcassets in Resources */ = {isa = PBXBuildFile; fileRef = 397D5580201BF2F200DE088D /* Assets.xcassets */; };
		397D5584201BF2F200DE088D /* LaunchScreen.storyboard in Resources */ = {isa = PBXBuildFile; fileRef = 397D5582201BF2F200DE088D /* LaunchScreen.storyboard */; };
/* End PBXBuildFile section */

/* Begin PBXFileReference section */
		397D5576201BF2F200DE088D /* gridapp.app */ = {isa = PBXFileReference; explicitFileType = wrapper.application; includeInIndex = 0; path = gridapp.app; sourceTree = BUILT_PRODUCTS_DIR; };
		397D5579201BF2F200DE088D /* AppDelegate.swift */ = {isa = PBXFileReference; lastKnownFileType = sourcecode.swift; path = AppDelegate.swift; sourceTree = "<group>"; };
		397D557B201BF2F200DE088D /* ViewController.swift */ = {isa = PBXFileReference; lastKnownFileType = sourcecode.swift; path = ViewController.swift; sourceTree = "<group>"; };
		397D557E201BF2F200DE088D /* Base */ = {isa = PBXFileReference; lastKnownFileType = file.storyboard; name = Base; path = Base.lproj/Main.storyboard; sourceTree = "<group>"; };
		397D5580201BF2F200DE088D /* Assets.xcassets */ = {isa = PBXFileReference; lastKnownFileType = folder.assetcatalog; path = Assets.xcassets; sourceTree = "<group>"; };
		397D5583201BF2F200DE088D /* Base */ = {isa = PBXFileReference; lastKnownFileType = file.storyboard; name = Base; path = Base.lproj/LaunchScreen.storyboard; sourceTree = "<group>"; };
		397D5585201BF2F200DE088D /* Info.plist */ = {isa = PBXFileReference; lastKnownFileType = text.plist.xml; path = Info.plist; sourceTree = "<group>"; };
/* End PBXFileReference section */

/* Begin PBXFrameworksBuildPhase section */
		397D5573201BF2F200DE088D /* Frameworks */ = {
			isa = PBXFrameworksBuildPhase;
			buildActionMask = 2147483647;
			files = (
			);
			runOnlyForDeploymentPostprocessing = 0;
		};
/* End PBXFrameworksBuildPhase section */

/* Begin PBXGroup section */
		397D556D201BF2F200DE088D = {
			isa = PBXGroup;
			children = (
				397D5578201BF2F200DE088D /* gridapp */,
				397D5577201BF2F200DE088D /* Products */,
			);
			sourceTree = "<group>";
		};
		397D5577201BF2F200DE088D /* Products */ = {
			isa = PBXGroup;
			children = (
				397D5576201BF2F200DE088D /* gridapp.app */,
			);
			name = Products;
			sourceTree = "<group>";
		};
		397D5578201BF2F200DE088D /* gridapp */ = {
			isa = PBXGroup;
			children = (
				397D5579201BF2F200DE088D /* AppDelegate.swift */,
				397D557B201BF2F200DE088D /* ViewController.swift */,
				397D557D201BF2F200DE088D /* Main.storyboard */,
				397D5580201BF2F200DE088D /* Assets.xcassets */,
				397D5582201BF2F200DE088D /* LaunchScreen.storyboard */,
				397D5585201BF2F200DE088D /* Info.plist */,
			);
			path = gridapp;
			sourceTree = "<group>";
		};
/* End PBXGroup section */

/* Begin PBXNativeTarget section */
		397D5575201BF2F200DE088D /* gridapp */ = {
			isa = PBXNativeTarget;
			buildConfigurationList = 397D5588201BF2F200DE088D /* Build configuration list for PBXNativeTarget "gridapp" */;
			buildPhases = (
				397D5572201BF2F200DE088D /* Sources */,
				397D5573201BF2F200DE088D /* Frameworks */,
				397D5574201BF2F200DE088D /* Resources */,
			);
			buildRules = (
			);
			dependencies = (
			);
			name = gridapp;
			productName = gridapp;
			productReference = 397D5576201BF2F200DE088D /* gridapp.app */;
			productType = "com.apple.product-type.application";
		};
/* End PBXNativeTarget section */

/* Begin PBXProject section */
		397D556E201BF2F200DE088D /* Project object */ = {
			isa = PBXProject;
			attributes = {
				LastSwiftUpdateCheck = 0830;
				LastUpgradeCheck = 0830;
				ORGANIZATIONNAME = "Erin Lee";
				TargetAttributes = {
					397D5575201BF2F200DE088D = {
						CreatedOnToolsVersion = 8.3.3;
						ProvisioningStyle = Automatic;
					};
				};
			};
			buildConfigurationList = 397D5571201BF2F200DE088D /* Build configuration list for PBXProject "gridapp" */;
			compatibilityVersion = "Xcode 3.2";
			developmentRegion = English;
			hasScannedForEncodings = 0;
			knownRegions = (
				en,
				Base,
			);
			mainGroup = 397D556D201BF2F200DE088D;
			productRefGroup = 397D5577201BF2F200DE088D /* Products */;
			projectDirPath = "";
			projectRoot = "";
			targets = (
				397D5575201BF2F200DE088D /* gridapp */,
			);
		};
/* End PBXProject section */

/* Begin PBXResourcesBuildPhase section */
		397D5574201BF2F200DE088D /* Resources */ = {
			isa = PBXResourcesBuildPhase;
			buildActionMask = 2147483647;
			files = (
				397D5584201BF2F200DE088D /* LaunchScreen.storyboard in Resources */,
				397D5581201BF2F200DE088D /* Assets.xcassets in Resources */,
				397D557F201BF2F200DE088D /* Main.storyboard in Resources */,
			);
			runOnlyForDeploymentPostprocessing = 0;
		};
/* End PBXResourcesBuildPhase section */

/* Begin PBXSourcesBuildPhase section */
		397D5572201BF2F200DE088D /* Sources */ = {
			isa = PBXSourcesBuildPhase;
			buildActionMask = 2147483647;
			files = (
				397D557C201BF2F200DE088D /* ViewController.swift in Sources */,
				397D557A201BF2F200DE088D /* AppDelegate.swift in Sources */,
			);
			runOnlyForDeploymentPostprocessing = 0;
		};
/* End PBXSourcesBuildPhase section */

/* Begin PBXVariantGroup section */
		397D557D201BF2F200DE088D /* Main.storyboard */ = {
			isa = PBXVariantGroup;
			children = (
				397D557E201BF2F200DE088D /* Base */,
			);
			name = Main.storyboard;
			sourceTree = "<group>";
		};
		397D5582201BF2F200DE088D /* LaunchScreen.storyboard */ = {
			isa = PBXVariantGroup;
			children = (
				397D5583201BF2F200DE088D /* Base */,
			);
			name = LaunchScreen.storyboard;
			sourceTree = "<group>";
		};
/* End PBXVariantGroup section */

/* Begin XCBuildConfiguration section */
		397D5586201BF2F200DE088D /* Debug */ = {
			isa = XCBuildConfiguration;
			buildSettings = {
				ALWAYS_SEARCH_USER_PATHS = NO;
				CLANG_ANALYZER_NONNULL = YES;
				CLANG_ANALYZER_NUMBER_OBJECT_CONVERSION = YES_AGGRESSIVE;
				CLANG_CXX_LANGUAGE_STANDARD = "gnu++0x";
				CLANG_CXX_LIBRARY = "libc++";
				CLANG_ENABLE_MODULES = YES;
				CLANG_ENABLE_OBJC_ARC = YES;
				CLANG_WARN_BOOL_CONVERSION = YES;
				CLANG_WARN_CONSTANT_CONVERSION = YES;
				CLANG_WARN_DIRECT_OBJC_ISA_USAGE = YES_ERROR;
				CLANG_WARN_DOCUMENTATION_COMMENTS = YES;
				CLANG_WARN_EMPTY_BODY = YES;
				CLANG_WARN_ENUM_CONVERSION = YES;
				CLANG_WARN_INFINITE_RECURSION = YES;
				CLANG_WARN_INT_CONVERSION = YES;
				CLANG_WARN_OBJC_ROOT_CLASS = YES_ERROR;
				CLANG_WARN_SUSPICIOUS_MOVE = YES;
				CLANG_WARN_UNREACHABLE_CODE = YES;
				CLANG_WARN__DUPLICATE_METHOD_MATCH = YES;
				"CODE_SIGN_IDENTITY[sdk=iphoneos*]" = "iPhone Developer";
				COPY_PHASE_STRIP = NO;
				DEBUG_INFORMATION_FORMAT = dwarf;
				ENABLE_STRICT_OBJC_MSGSEND = YES;
				ENABLE_TESTABILITY = YES;
				GCC_C_LANGUAGE_STANDARD = gnu99;
				GCC_DYNAMIC_NO_PIC = NO;
				GCC_NO_COMMON_BLOCKS = YES;
				GCC_OPTIMIZATION_LEVEL = 0;
				GCC_PREPROCESSOR_DEFINITIONS = (
					"DEBUG=1",
					"$(inherited)",
				);
				GCC_WARN_64_TO_32_BIT_CONVERSION = YES;
				GCC_WARN_ABOUT_RETURN_TYPE = YES_ERROR;
				GCC_WARN_UNDECLARED_SELECTOR = YES;
				GCC_WARN_UNINITIALIZED_AUTOS = YES_AGGRESSIVE;
				GCC_WARN_UNUSED_FUNCTION = YES;
				GCC_WARN_UNUSED_VARIABLE = YES;
				IPHONEOS_DEPLOYMENT_TARGET = 10.3;
				MTL_ENABLE_DEBUG_INFO = YES;
				ONLY_ACTIVE_ARCH = YES;
				SDKROOT = iphoneos;
				SWIFT_ACTIVE_COMPILATION_CONDITIONS = DEBUG;
				SWIFT_OPTIMIZATION_LEVEL = "-Onone";
			};
			name = Debug;
		};
		397D5587201BF2F200DE088D /* Release */ = {
			isa = XCBuildConfiguration;
			buildSettings = {
				ALWAYS_SEARCH_USER_PATHS = NO;
				CLANG_ANALYZER_NONNULL = YES;
				CLANG_ANALYZER_NUMBER_OBJECT_CONVERSION = YES_AGGRESSIVE;
				CLANG_CXX_LANGUAGE_STANDARD = "gnu++0x";
				CLANG_CXX_LIBRARY = "libc++";
				CLANG_ENABLE_MODULES = YES;
				CLANG_ENABLE_OBJC_ARC = YES;
				CLANG_WARN_BOOL_CONVERSION = YES;
				CLANG_WARN_CONSTANT_CONVERSION = YES;
				CLANG_WARN_DIRECT_OBJC_ISA_USAGE = YES_ERROR;
				CLANG_WARN_DOCUMENTATION_COMMENTS = YES;
				CLANG_WARN_EMPTY_BODY = YES;
				CLANG_WARN_ENUM_CONVERSION = YES;
				CLANG_WARN_INFINITE_RECURSION = YES;
				CLANG_WARN_INT_CONVERSION = YES;
				CLANG_WARN_OBJC_ROOT_CLASS = YES_ERROR;
				CLANG_WARN_SUSPICIOUS_MOVE = YES;
				CLANG_WARN_UNREACHABLE_CODE = YES;
				CLANG_WARN__DUPLICATE_METHOD_MATCH = YES;
				"CODE_SIGN_IDENTITY[sdk=iphoneos*]" = "iPhone Developer";
				COPY_PHASE_STRIP = NO;
				DEBUG_INFORMATION_FORMAT = "dwarf-with-dsym";
				ENABLE_NS_ASSERTIONS = NO;
				ENABLE_STRICT_OBJC_MSGSEND = YES;
				GCC_C_LANGUAGE_STANDARD = gnu99;
				GCC_NO_COMMON_BLOCKS = YES;
				GCC_WARN_64_TO_32_BIT_CONVERSION = YES;
				GCC_WARN_ABOUT_RETURN_TYPE = YES_ERROR;
				GCC_WARN_UNDECLARED_SELECTOR = YES;
				GCC_WARN_UNINITIALIZED_AUTOS = YES_AGGRESSIVE;
				GCC_WARN_UNUSED_FUNCTION = YES;
				GCC_WARN_UNUSED_VARIABLE = YES;
				IPHONEOS_DEPLOYMENT_TARGET = 10.3;
				MTL_ENABLE_DEBUG_INFO = NO;
				SDKROOT = iphoneos;
				SWIFT_OPTIMIZATION_LEVEL = "-Owholemodule";
				VALIDATE_PRODUCT = YES;
			};
			name = Release;
		};
		397D5589201BF2F200DE088D /* Debug */ = {
			isa = XCBuildConfiguration;
			buildSettings = {
				ASSETCATALOG_COMPILER_APPICON_NAME = AppIcon;
				INFOPLIST_FILE = gridapp/Info.plist;
				LD_RUNPATH_SEARCH_PATHS = "$(inherited) @executable_path/Frameworks";
				PRODUCT_BUNDLE_IDENTIFIER = erinlee.gridapp;
				PRODUCT_NAME = "$(TARGET_NAME)";
				SWIFT_VERSION = 3.0;
			};
			name = Debug;
		};
		397D558A201BF2F200DE088D /* Release */ = {
			isa = XCBuildConfiguration;
			buildSettings = {
				ASSETCATALOG_COMPILER_APPICON_NAME = AppIcon;
				INFOPLIST_FILE = gridapp/Info.plist;
				LD_RUNPATH_SEARCH_PATHS = "$(inherited) @executable_path/Frameworks";
				PRODUCT_BUNDLE_IDENTIFIER = erinlee.gridapp;
				PRODUCT_NAME = "$(TARGET_NAME)";
				SWIFT_VERSION = 3.0;
			};
			name = Release;
		};
/* End XCBuildConfiguration section */

/* Begin XCConfigurationList section */
		397D5571201BF2F200DE088D /* Build configuration list for PBXProject "gridapp" */ = {
			isa = XCConfigurationList;
			buildConfigurations = (
				397D5586201BF2F200DE088D /* Debug */,
				397D5587201BF2F200DE088D /* Release */,
			);
			defaultConfigurationIsVisible = 0;
			defaultConfigurationName = Release;
		};
		397D5588201BF2F200DE088D /* Build configuration list for PBXNativeTarget "gridapp" */ = {
			isa = XCConfigurationList;
			buildConfigurations = (
				397D5589201BF2F200DE088D /* Debug */,
				397D558A201BF2F200DE088D /* Release */,
			);
			defaultConfigurationIsVisible = 0;
		};
/* End XCConfigurationList section */
	};
	rootObject = 397D556E201BF2F200DE088D /* Project object */;
}
